// !$*UTF8*$!
{
	archiveVersion = 1;
	classes = {
	};
	objectVersion = 51;
	objects = {

/* Begin PBXBuildFile section */
		0379029997EF1AA5ED44002E /* Pods_ClimApp.framework in Frameworks */ = {isa = PBXBuildFile; fileRef = 82F5CCDD4A8E335C62112DB3 /* Pods_ClimApp.framework */; };
		1EC3D63F2694154C00AB5C6E /* WeatherViewController.swift in Sources */ = {isa = PBXBuildFile; fileRef = 1EC3D63E2694154C00AB5C6E /* WeatherViewController.swift */; };
		1EC3D64426941FD500AB5C6E /* PresenterContract.swift in Sources */ = {isa = PBXBuildFile; fileRef = 1EC3D64326941FD500AB5C6E /* PresenterContract.swift */; };
		1EC3D6492694201700AB5C6E /* WeatherPresenter.swift in Sources */ = {isa = PBXBuildFile; fileRef = 1EC3D6482694201700AB5C6E /* WeatherPresenter.swift */; };
		1EC3D65326942AB000AB5C6E /* WeatherTableViewCell.swift in Sources */ = {isa = PBXBuildFile; fileRef = 1EC3D65226942AB000AB5C6E /* WeatherTableViewCell.swift */; };
		1EFF60ED2692AA6200F23A41 /* AppDelegate.swift in Sources */ = {isa = PBXBuildFile; fileRef = 1EFF60EC2692AA6200F23A41 /* AppDelegate.swift */; };
		1EFF60EF2692AA6200F23A41 /* SceneDelegate.swift in Sources */ = {isa = PBXBuildFile; fileRef = 1EFF60EE2692AA6200F23A41 /* SceneDelegate.swift */; };
		1EFF60F42692AA6200F23A41 /* Main.storyboard in Resources */ = {isa = PBXBuildFile; fileRef = 1EFF60F22692AA6200F23A41 /* Main.storyboard */; };
		1EFF60F62692AA8000F23A41 /* Assets.xcassets in Resources */ = {isa = PBXBuildFile; fileRef = 1EFF60F52692AA8000F23A41 /* Assets.xcassets */; };
		1EFF60F92692AA8100F23A41 /* LaunchScreen.storyboard in Resources */ = {isa = PBXBuildFile; fileRef = 1EFF60F72692AA8100F23A41 /* LaunchScreen.storyboard */; };
		1EFF61042692AA8300F23A41 /* ClimAppTests.swift in Sources */ = {isa = PBXBuildFile; fileRef = 1EFF61032692AA8300F23A41 /* ClimAppTests.swift */; };
		1EFF610F2692AA8300F23A41 /* ClimAppUITests.swift in Sources */ = {isa = PBXBuildFile; fileRef = 1EFF610E2692AA8300F23A41 /* ClimAppUITests.swift */; };
		1EFF612D2692ABE100F23A41 /* CityViewController.swift in Sources */ = {isa = PBXBuildFile; fileRef = 1EFF612C2692ABE100F23A41 /* CityViewController.swift */; };
		1EFF61362692B07900F23A41 /* City.swift in Sources */ = {isa = PBXBuildFile; fileRef = 1EFF61352692B07900F23A41 /* City.swift */; };
		1EFF613F2692B0F100F23A41 /* APICallerContract.swift in Sources */ = {isa = PBXBuildFile; fileRef = 1EFF613E2692B0F100F23A41 /* APICallerContract.swift */; };
		1EFF61472692B16A00F23A41 /* ConsolidatedWeather.swift in Sources */ = {isa = PBXBuildFile; fileRef = 1EFF61462692B16A00F23A41 /* ConsolidatedWeather.swift */; };
		1EFF614C2692B1D400F23A41 /* APICaller.swift in Sources */ = {isa = PBXBuildFile; fileRef = 1EFF614B2692B1D400F23A41 /* APICaller.swift */; };
		1EFF61522692B25100F23A41 /* WeatherEndpoints.swift in Sources */ = {isa = PBXBuildFile; fileRef = 1EFF61512692B25100F23A41 /* WeatherEndpoints.swift */; };
		1EFF61642692B8BF00F23A41 /* CityPresenter.swift in Sources */ = {isa = PBXBuildFile; fileRef = 1EFF61632692B8BF00F23A41 /* CityPresenter.swift */; };
		1EFF61932692CB5500F23A41 /* Extensions.swift in Sources */ = {isa = PBXBuildFile; fileRef = 1EFF61922692CB5500F23A41 /* Extensions.swift */; };
		1EFF61982692E35500F23A41 /* Rechability.swift in Sources */ = {isa = PBXBuildFile; fileRef = 1EFF61972692E35500F23A41 /* Rechability.swift */; };
		E0D0828D605123537D423E40 /* Pods_ClimApp_ClimAppUITests.framework in Frameworks */ = {isa = PBXBuildFile; fileRef = 8DEC7ABA3FD2FC1901CA47E9 /* Pods_ClimApp_ClimAppUITests.framework */; };
		FD4F0211396FD42E0D151DEF /* Pods_ClimAppTests.framework in Frameworks */ = {isa = PBXBuildFile; fileRef = 6167D11EDADACE5ACE6041A5 /* Pods_ClimAppTests.framework */; };
/* End PBXBuildFile section */

/* Begin PBXContainerItemProxy section */
		1EFF61002692AA8200F23A41 /* PBXContainerItemProxy */ = {
			isa = PBXContainerItemProxy;
			containerPortal = 1EFF60E12692AA6200F23A41 /* Project object */;
			proxyType = 1;
			remoteGlobalIDString = 1EFF60E82692AA6200F23A41;
			remoteInfo = ClimApp;
		};
		1EFF610B2692AA8300F23A41 /* PBXContainerItemProxy */ = {
			isa = PBXContainerItemProxy;
			containerPortal = 1EFF60E12692AA6200F23A41 /* Project object */;
			proxyType = 1;
			remoteGlobalIDString = 1EFF60E82692AA6200F23A41;
			remoteInfo = ClimApp;
		};
/* End PBXContainerItemProxy section */

/* Begin PBXFileReference section */
		1EC3D63E2694154C00AB5C6E /* WeatherViewController.swift */ = {isa = PBXFileReference; lastKnownFileType = sourcecode.swift; path = WeatherViewController.swift; sourceTree = "<group>"; };
		1EC3D64326941FD500AB5C6E /* PresenterContract.swift */ = {isa = PBXFileReference; lastKnownFileType = sourcecode.swift; path = PresenterContract.swift; sourceTree = "<group>"; };
		1EC3D6482694201700AB5C6E /* WeatherPresenter.swift */ = {isa = PBXFileReference; lastKnownFileType = sourcecode.swift; path = WeatherPresenter.swift; sourceTree = "<group>"; };
		1EC3D65226942AB000AB5C6E /* WeatherTableViewCell.swift */ = {isa = PBXFileReference; lastKnownFileType = sourcecode.swift; path = WeatherTableViewCell.swift; sourceTree = "<group>"; };
		1EFF60E92692AA6200F23A41 /* ClimApp.app */ = {isa = PBXFileReference; explicitFileType = wrapper.application; includeInIndex = 0; path = ClimApp.app; sourceTree = BUILT_PRODUCTS_DIR; };
		1EFF60EC2692AA6200F23A41 /* AppDelegate.swift */ = {isa = PBXFileReference; lastKnownFileType = sourcecode.swift; path = AppDelegate.swift; sourceTree = "<group>"; };
		1EFF60EE2692AA6200F23A41 /* SceneDelegate.swift */ = {isa = PBXFileReference; lastKnownFileType = sourcecode.swift; path = SceneDelegate.swift; sourceTree = "<group>"; };
		1EFF60F32692AA6200F23A41 /* Base */ = {isa = PBXFileReference; lastKnownFileType = file.storyboard; name = Base; path = Base.lproj/Main.storyboard; sourceTree = "<group>"; };
		1EFF60F52692AA8000F23A41 /* Assets.xcassets */ = {isa = PBXFileReference; lastKnownFileType = folder.assetcatalog; path = Assets.xcassets; sourceTree = "<group>"; };
		1EFF60F82692AA8100F23A41 /* Base */ = {isa = PBXFileReference; lastKnownFileType = file.storyboard; name = Base; path = Base.lproj/LaunchScreen.storyboard; sourceTree = "<group>"; };
		1EFF60FA2692AA8100F23A41 /* Info.plist */ = {isa = PBXFileReference; lastKnownFileType = text.plist.xml; path = Info.plist; sourceTree = "<group>"; };
		1EFF60FF2692AA8200F23A41 /* ClimAppTests.xctest */ = {isa = PBXFileReference; explicitFileType = wrapper.cfbundle; includeInIndex = 0; path = ClimAppTests.xctest; sourceTree = BUILT_PRODUCTS_DIR; };
		1EFF61032692AA8300F23A41 /* ClimAppTests.swift */ = {isa = PBXFileReference; lastKnownFileType = sourcecode.swift; path = ClimAppTests.swift; sourceTree = "<group>"; };
		1EFF61052692AA8300F23A41 /* Info.plist */ = {isa = PBXFileReference; lastKnownFileType = text.plist.xml; path = Info.plist; sourceTree = "<group>"; };
		1EFF610A2692AA8300F23A41 /* ClimAppUITests.xctest */ = {isa = PBXFileReference; explicitFileType = wrapper.cfbundle; includeInIndex = 0; path = ClimAppUITests.xctest; sourceTree = BUILT_PRODUCTS_DIR; };
		1EFF610E2692AA8300F23A41 /* ClimAppUITests.swift */ = {isa = PBXFileReference; lastKnownFileType = sourcecode.swift; path = ClimAppUITests.swift; sourceTree = "<group>"; };
		1EFF61102692AA8300F23A41 /* Info.plist */ = {isa = PBXFileReference; lastKnownFileType = text.plist.xml; path = Info.plist; sourceTree = "<group>"; };
		1EFF612C2692ABE100F23A41 /* CityViewController.swift */ = {isa = PBXFileReference; lastKnownFileType = sourcecode.swift; path = CityViewController.swift; sourceTree = "<group>"; };
		1EFF61352692B07900F23A41 /* City.swift */ = {isa = PBXFileReference; lastKnownFileType = sourcecode.swift; path = City.swift; sourceTree = "<group>"; };
		1EFF613E2692B0F100F23A41 /* APICallerContract.swift */ = {isa = PBXFileReference; lastKnownFileType = sourcecode.swift; path = APICallerContract.swift; sourceTree = "<group>"; };
		1EFF61462692B16A00F23A41 /* ConsolidatedWeather.swift */ = {isa = PBXFileReference; lastKnownFileType = sourcecode.swift; path = ConsolidatedWeather.swift; sourceTree = "<group>"; };
		1EFF614B2692B1D400F23A41 /* APICaller.swift */ = {isa = PBXFileReference; lastKnownFileType = sourcecode.swift; path = APICaller.swift; sourceTree = "<group>"; };
		1EFF61512692B25100F23A41 /* WeatherEndpoints.swift */ = {isa = PBXFileReference; lastKnownFileType = sourcecode.swift; path = WeatherEndpoints.swift; sourceTree = "<group>"; };
		1EFF61632692B8BF00F23A41 /* CityPresenter.swift */ = {isa = PBXFileReference; lastKnownFileType = sourcecode.swift; path = CityPresenter.swift; sourceTree = "<group>"; };
		1EFF61922692CB5500F23A41 /* Extensions.swift */ = {isa = PBXFileReference; lastKnownFileType = sourcecode.swift; path = Extensions.swift; sourceTree = "<group>"; };
		1EFF61972692E35500F23A41 /* Rechability.swift */ = {isa = PBXFileReference; lastKnownFileType = sourcecode.swift; path = Rechability.swift; sourceTree = "<group>"; };
		1FC2974816299BD9F1526811 /* Pods-ClimApp-ClimAppUITests.debug.xcconfig */ = {isa = PBXFileReference; includeInIndex = 1; lastKnownFileType = text.xcconfig; name = "Pods-ClimApp-ClimAppUITests.debug.xcconfig"; path = "Target Support Files/Pods-ClimApp-ClimAppUITests/Pods-ClimApp-ClimAppUITests.debug.xcconfig"; sourceTree = "<group>"; };
		2FDC7CBE00BA14FF9A347742 /* Pods-ClimApp.debug.xcconfig */ = {isa = PBXFileReference; includeInIndex = 1; lastKnownFileType = text.xcconfig; name = "Pods-ClimApp.debug.xcconfig"; path = "Target Support Files/Pods-ClimApp/Pods-ClimApp.debug.xcconfig"; sourceTree = "<group>"; };
		6167D11EDADACE5ACE6041A5 /* Pods_ClimAppTests.framework */ = {isa = PBXFileReference; explicitFileType = wrapper.framework; includeInIndex = 0; path = Pods_ClimAppTests.framework; sourceTree = BUILT_PRODUCTS_DIR; };
		7C082C1A696904439D650047 /* Pods-ClimAppTests.release.xcconfig */ = {isa = PBXFileReference; includeInIndex = 1; lastKnownFileType = text.xcconfig; name = "Pods-ClimAppTests.release.xcconfig"; path = "Target Support Files/Pods-ClimAppTests/Pods-ClimAppTests.release.xcconfig"; sourceTree = "<group>"; };
		82F5CCDD4A8E335C62112DB3 /* Pods_ClimApp.framework */ = {isa = PBXFileReference; explicitFileType = wrapper.framework; includeInIndex = 0; path = Pods_ClimApp.framework; sourceTree = BUILT_PRODUCTS_DIR; };
		8DEC7ABA3FD2FC1901CA47E9 /* Pods_ClimApp_ClimAppUITests.framework */ = {isa = PBXFileReference; explicitFileType = wrapper.framework; includeInIndex = 0; path = Pods_ClimApp_ClimAppUITests.framework; sourceTree = BUILT_PRODUCTS_DIR; };
		D3FB408B192DA427D6E20D07 /* Pods-ClimApp.release.xcconfig */ = {isa = PBXFileReference; includeInIndex = 1; lastKnownFileType = text.xcconfig; name = "Pods-ClimApp.release.xcconfig"; path = "Target Support Files/Pods-ClimApp/Pods-ClimApp.release.xcconfig"; sourceTree = "<group>"; };
		E221E6F3C00B6E679B88984B /* Pods-ClimAppTests.debug.xcconfig */ = {isa = PBXFileReference; includeInIndex = 1; lastKnownFileType = text.xcconfig; name = "Pods-ClimAppTests.debug.xcconfig"; path = "Target Support Files/Pods-ClimAppTests/Pods-ClimAppTests.debug.xcconfig"; sourceTree = "<group>"; };
		EEDBDD8CB71E55ECA788792C /* Pods-ClimApp-ClimAppUITests.release.xcconfig */ = {isa = PBXFileReference; includeInIndex = 1; lastKnownFileType = text.xcconfig; name = "Pods-ClimApp-ClimAppUITests.release.xcconfig"; path = "Target Support Files/Pods-ClimApp-ClimAppUITests/Pods-ClimApp-ClimAppUITests.release.xcconfig"; sourceTree = "<group>"; };
/* End PBXFileReference section */

/* Begin PBXFrameworksBuildPhase section */
		1EFF60E62692AA6200F23A41 /* Frameworks */ = {
			isa = PBXFrameworksBuildPhase;
			buildActionMask = 2147483647;
			files = (
				0379029997EF1AA5ED44002E /* Pods_ClimApp.framework in Frameworks */,
			);
			runOnlyForDeploymentPostprocessing = 0;
		};
		1EFF60FC2692AA8200F23A41 /* Frameworks */ = {
			isa = PBXFrameworksBuildPhase;
			buildActionMask = 2147483647;
			files = (
				FD4F0211396FD42E0D151DEF /* Pods_ClimAppTests.framework in Frameworks */,
			);
			runOnlyForDeploymentPostprocessing = 0;
		};
		1EFF61072692AA8300F23A41 /* Frameworks */ = {
			isa = PBXFrameworksBuildPhase;
			buildActionMask = 2147483647;
			files = (
				E0D0828D605123537D423E40 /* Pods_ClimApp_ClimAppUITests.framework in Frameworks */,
			);
			runOnlyForDeploymentPostprocessing = 0;
		};
/* End PBXFrameworksBuildPhase section */

/* Begin PBXGroup section */
		1EFF60E02692AA6200F23A41 = {
			isa = PBXGroup;
			children = (
				1EFF60EB2692AA6200F23A41 /* ClimApp */,
				1EFF61022692AA8300F23A41 /* ClimAppTests */,
				1EFF610D2692AA8300F23A41 /* ClimAppUITests */,
				1EFF60EA2692AA6200F23A41 /* Products */,
				FBB895FBA192747E923B7352 /* Pods */,
				3AA4DD611656F8EED94E6B5E /* Frameworks */,
			);
			sourceTree = "<group>";
		};
		1EFF60EA2692AA6200F23A41 /* Products */ = {
			isa = PBXGroup;
			children = (
				1EFF60E92692AA6200F23A41 /* ClimApp.app */,
				1EFF60FF2692AA8200F23A41 /* ClimAppTests.xctest */,
				1EFF610A2692AA8300F23A41 /* ClimAppUITests.xctest */,
			);
			name = Products;
			sourceTree = "<group>";
		};
		1EFF60EB2692AA6200F23A41 /* ClimApp */ = {
			isa = PBXGroup;
			children = (
				1EFF611C2692AA9000F23A41 /* App */,
				1EFF61202692AAA800F23A41 /* App-UI */,
				1EFF61242692AAD700F23A41 /* Model */,
				1EFF61282692AAE400F23A41 /* View */,
				1EFF61622692B70800F23A41 /* Presenter */,
				1EFF61502692B1F100F23A41 /* Common */,
				1EFF612A2692AAFC00F23A41 /* Resources */,
				1EFF60FA2692AA8100F23A41 /* Info.plist */,
			);
			path = ClimApp;
			sourceTree = "<group>";
		};
		1EFF61022692AA8300F23A41 /* ClimAppTests */ = {
			isa = PBXGroup;
			children = (
				1EFF61032692AA8300F23A41 /* ClimAppTests.swift */,
				1EFF61052692AA8300F23A41 /* Info.plist */,
			);
			path = ClimAppTests;
			sourceTree = "<group>";
		};
		1EFF610D2692AA8300F23A41 /* ClimAppUITests */ = {
			isa = PBXGroup;
			children = (
				1EFF610E2692AA8300F23A41 /* ClimAppUITests.swift */,
				1EFF61102692AA8300F23A41 /* Info.plist */,
			);
			path = ClimAppUITests;
			sourceTree = "<group>";
		};
		1EFF611C2692AA9000F23A41 /* App */ = {
			isa = PBXGroup;
			children = (
				1EFF60EC2692AA6200F23A41 /* AppDelegate.swift */,
				1EFF60EE2692AA6200F23A41 /* SceneDelegate.swift */,
			);
			path = App;
			sourceTree = "<group>";
		};
		1EFF61202692AAA800F23A41 /* App-UI */ = {
			isa = PBXGroup;
			children = (
				1EFF60F22692AA6200F23A41 /* Main.storyboard */,
				1EFF60F72692AA8100F23A41 /* LaunchScreen.storyboard */,
			);
			path = "App-UI";
			sourceTree = "<group>";
		};
		1EFF61242692AAD700F23A41 /* Model */ = {
			isa = PBXGroup;
			children = (
				1EFF613D2692B0D200F23A41 /* Manager */,
				1EFF61342692B03B00F23A41 /* Entity */,
			);
			path = Model;
			sourceTree = "<group>";
		};
		1EFF61282692AAE400F23A41 /* View */ = {
			isa = PBXGroup;
			children = (
				1EFF612C2692ABE100F23A41 /* CityViewController.swift */,
				1EC3D63E2694154C00AB5C6E /* WeatherViewController.swift */,
				1EC3D65226942AB000AB5C6E /* WeatherTableViewCell.swift */,
			);
			path = View;
			sourceTree = "<group>";
		};
		1EFF612A2692AAFC00F23A41 /* Resources */ = {
			isa = PBXGroup;
			children = (
				1EFF619F2692F86100F23A41 /* Components */,
				1EFF612B2692AB0D00F23A41 /* Images */,
			);
			path = Resources;
			sourceTree = "<group>";
		};
		1EFF612B2692AB0D00F23A41 /* Images */ = {
			isa = PBXGroup;
			children = (
				1EFF60F52692AA8000F23A41 /* Assets.xcassets */,
			);
			path = Images;
			sourceTree = "<group>";
		};
		1EFF61342692B03B00F23A41 /* Entity */ = {
			isa = PBXGroup;
			children = (
				1EFF61352692B07900F23A41 /* City.swift */,
				1EFF61462692B16A00F23A41 /* ConsolidatedWeather.swift */,
			);
			path = Entity;
			sourceTree = "<group>";
		};
		1EFF613D2692B0D200F23A41 /* Manager */ = {
			isa = PBXGroup;
			children = (
				1EFF613E2692B0F100F23A41 /* APICallerContract.swift */,
				1EFF614B2692B1D400F23A41 /* APICaller.swift */,
			);
			path = Manager;
			sourceTree = "<group>";
		};
		1EFF61502692B1F100F23A41 /* Common */ = {
			isa = PBXGroup;
			children = (
				1EFF61512692B25100F23A41 /* WeatherEndpoints.swift */,
				1EFF61922692CB5500F23A41 /* Extensions.swift */,
				1EFF61972692E35500F23A41 /* Rechability.swift */,
			);
			path = Common;
			sourceTree = "<group>";
		};
		1EFF61622692B70800F23A41 /* Presenter */ = {
			isa = PBXGroup;
			children = (
				1EFF61632692B8BF00F23A41 /* CityPresenter.swift */,
				1EC3D64326941FD500AB5C6E /* PresenterContract.swift */,
				1EC3D6482694201700AB5C6E /* WeatherPresenter.swift */,
			);
			path = Presenter;
			sourceTree = "<group>";
		};
		1EFF619F2692F86100F23A41 /* Components */ = {
			isa = PBXGroup;
			children = (
			);
			path = Components;
			sourceTree = "<group>";
		};
		3AA4DD611656F8EED94E6B5E /* Frameworks */ = {
			isa = PBXGroup;
			children = (
				82F5CCDD4A8E335C62112DB3 /* Pods_ClimApp.framework */,
				8DEC7ABA3FD2FC1901CA47E9 /* Pods_ClimApp_ClimAppUITests.framework */,
				6167D11EDADACE5ACE6041A5 /* Pods_ClimAppTests.framework */,
			);
			name = Frameworks;
			sourceTree = "<group>";
		};
		FBB895FBA192747E923B7352 /* Pods */ = {
			isa = PBXGroup;
			children = (
				2FDC7CBE00BA14FF9A347742 /* Pods-ClimApp.debug.xcconfig */,
				D3FB408B192DA427D6E20D07 /* Pods-ClimApp.release.xcconfig */,
				1FC2974816299BD9F1526811 /* Pods-ClimApp-ClimAppUITests.debug.xcconfig */,
				EEDBDD8CB71E55ECA788792C /* Pods-ClimApp-ClimAppUITests.release.xcconfig */,
				E221E6F3C00B6E679B88984B /* Pods-ClimAppTests.debug.xcconfig */,
				7C082C1A696904439D650047 /* Pods-ClimAppTests.release.xcconfig */,
			);
			path = Pods;
			sourceTree = "<group>";
		};
/* End PBXGroup section */

/* Begin PBXNativeTarget section */
		1EFF60E82692AA6200F23A41 /* ClimApp */ = {
			isa = PBXNativeTarget;
			buildConfigurationList = 1EFF61132692AA8300F23A41 /* Build configuration list for PBXNativeTarget "ClimApp" */;
			buildPhases = (
				3B7A9986F875EAF83F1244CF /* [CP] Check Pods Manifest.lock */,
				1EFF60E52692AA6200F23A41 /* Sources */,
				1EFF60E62692AA6200F23A41 /* Frameworks */,
				1EFF60E72692AA6200F23A41 /* Resources */,
				982DD72B9A8FFA4ED6A8118B /* [CP] Embed Pods Frameworks */,
			);
			buildRules = (
			);
			dependencies = (
			);
			name = ClimApp;
			productName = ClimApp;
			productReference = 1EFF60E92692AA6200F23A41 /* ClimApp.app */;
			productType = "com.apple.product-type.application";
		};
		1EFF60FE2692AA8200F23A41 /* ClimAppTests */ = {
			isa = PBXNativeTarget;
			buildConfigurationList = 1EFF61162692AA8300F23A41 /* Build configuration list for PBXNativeTarget "ClimAppTests" */;
			buildPhases = (
				2C244DDDE6A6256E07876D71 /* [CP] Check Pods Manifest.lock */,
				1EFF60FB2692AA8200F23A41 /* Sources */,
				1EFF60FC2692AA8200F23A41 /* Frameworks */,
				1EFF60FD2692AA8200F23A41 /* Resources */,
			);
			buildRules = (
			);
			dependencies = (
				1EFF61012692AA8200F23A41 /* PBXTargetDependency */,
			);
			name = ClimAppTests;
			productName = ClimAppTests;
			productReference = 1EFF60FF2692AA8200F23A41 /* ClimAppTests.xctest */;
			productType = "com.apple.product-type.bundle.unit-test";
		};
		1EFF61092692AA8300F23A41 /* ClimAppUITests */ = {
			isa = PBXNativeTarget;
			buildConfigurationList = 1EFF61192692AA8300F23A41 /* Build configuration list for PBXNativeTarget "ClimAppUITests" */;
			buildPhases = (
				06FDD57AFBC300A8247C4755 /* [CP] Check Pods Manifest.lock */,
				1EFF61062692AA8300F23A41 /* Sources */,
				1EFF61072692AA8300F23A41 /* Frameworks */,
				1EFF61082692AA8300F23A41 /* Resources */,
				ED2C07993C7826D3ACF8F461 /* [CP] Embed Pods Frameworks */,
			);
			buildRules = (
			);
			dependencies = (
				1EFF610C2692AA8300F23A41 /* PBXTargetDependency */,
			);
			name = ClimAppUITests;
			productName = ClimAppUITests;
			productReference = 1EFF610A2692AA8300F23A41 /* ClimAppUITests.xctest */;
			productType = "com.apple.product-type.bundle.ui-testing";
		};
/* End PBXNativeTarget section */

/* Begin PBXProject section */
		1EFF60E12692AA6200F23A41 /* Project object */ = {
			isa = PBXProject;
			attributes = {
				LastSwiftUpdateCheck = 1230;
				LastUpgradeCheck = 1230;
				TargetAttributes = {
					1EFF60E82692AA6200F23A41 = {
						CreatedOnToolsVersion = 12.3;
					};
					1EFF60FE2692AA8200F23A41 = {
						CreatedOnToolsVersion = 12.3;
						TestTargetID = 1EFF60E82692AA6200F23A41;
					};
					1EFF61092692AA8300F23A41 = {
						CreatedOnToolsVersion = 12.3;
						TestTargetID = 1EFF60E82692AA6200F23A41;
					};
				};
			};
			buildConfigurationList = 1EFF60E42692AA6200F23A41 /* Build configuration list for PBXProject "ClimApp" */;
			compatibilityVersion = "Xcode 9.3";
			developmentRegion = en;
			hasScannedForEncodings = 0;
			knownRegions = (
				en,
				Base,
			);
			mainGroup = 1EFF60E02692AA6200F23A41;
			productRefGroup = 1EFF60EA2692AA6200F23A41 /* Products */;
			projectDirPath = "";
			projectRoot = "";
			targets = (
				1EFF60E82692AA6200F23A41 /* ClimApp */,
				1EFF60FE2692AA8200F23A41 /* ClimAppTests */,
				1EFF61092692AA8300F23A41 /* ClimAppUITests */,
			);
		};
/* End PBXProject section */

/* Begin PBXResourcesBuildPhase section */
		1EFF60E72692AA6200F23A41 /* Resources */ = {
			isa = PBXResourcesBuildPhase;
			buildActionMask = 2147483647;
			files = (
				1EFF60F92692AA8100F23A41 /* LaunchScreen.storyboard in Resources */,
				1EFF60F62692AA8000F23A41 /* Assets.xcassets in Resources */,
				1EFF60F42692AA6200F23A41 /* Main.storyboard in Resources */,
			);
			runOnlyForDeploymentPostprocessing = 0;
		};
		1EFF60FD2692AA8200F23A41 /* Resources */ = {
			isa = PBXResourcesBuildPhase;
			buildActionMask = 2147483647;
			files = (
			);
			runOnlyForDeploymentPostprocessing = 0;
		};
		1EFF61082692AA8300F23A41 /* Resources */ = {
			isa = PBXResourcesBuildPhase;
			buildActionMask = 2147483647;
			files = (
			);
			runOnlyForDeploymentPostprocessing = 0;
		};
/* End PBXResourcesBuildPhase section */

/* Begin PBXShellScriptBuildPhase section */
		06FDD57AFBC300A8247C4755 /* [CP] Check Pods Manifest.lock */ = {
			isa = PBXShellScriptBuildPhase;
			buildActionMask = 2147483647;
			files = (
			);
			inputFileListPaths = (
			);
			inputPaths = (
				"${PODS_PODFILE_DIR_PATH}/Podfile.lock",
				"${PODS_ROOT}/Manifest.lock",
			);
			name = "[CP] Check Pods Manifest.lock";
			outputFileListPaths = (
			);
			outputPaths = (
				"$(DERIVED_FILE_DIR)/Pods-ClimApp-ClimAppUITests-checkManifestLockResult.txt",
			);
			runOnlyForDeploymentPostprocessing = 0;
			shellPath = /bin/sh;
			shellScript = "diff \"${PODS_PODFILE_DIR_PATH}/Podfile.lock\" \"${PODS_ROOT}/Manifest.lock\" > /dev/null\nif [ $? != 0 ] ; then\n    # print error to STDERR\n    echo \"error: The sandbox is not in sync with the Podfile.lock. Run 'pod install' or update your CocoaPods installation.\" >&2\n    exit 1\nfi\n# This output is used by Xcode 'outputs' to avoid re-running this script phase.\necho \"SUCCESS\" > \"${SCRIPT_OUTPUT_FILE_0}\"\n";
			showEnvVarsInLog = 0;
		};
		2C244DDDE6A6256E07876D71 /* [CP] Check Pods Manifest.lock */ = {
			isa = PBXShellScriptBuildPhase;
			buildActionMask = 2147483647;
			files = (
			);
			inputFileListPaths = (
			);
			inputPaths = (
				"${PODS_PODFILE_DIR_PATH}/Podfile.lock",
				"${PODS_ROOT}/Manifest.lock",
			);
			name = "[CP] Check Pods Manifest.lock";
			outputFileListPaths = (
			);
			outputPaths = (
				"$(DERIVED_FILE_DIR)/Pods-ClimAppTests-checkManifestLockResult.txt",
			);
			runOnlyForDeploymentPostprocessing = 0;
			shellPath = /bin/sh;
			shellScript = "diff \"${PODS_PODFILE_DIR_PATH}/Podfile.lock\" \"${PODS_ROOT}/Manifest.lock\" > /dev/null\nif [ $? != 0 ] ; then\n    # print error to STDERR\n    echo \"error: The sandbox is not in sync with the Podfile.lock. Run 'pod install' or update your CocoaPods installation.\" >&2\n    exit 1\nfi\n# This output is used by Xcode 'outputs' to avoid re-running this script phase.\necho \"SUCCESS\" > \"${SCRIPT_OUTPUT_FILE_0}\"\n";
			showEnvVarsInLog = 0;
		};
		3B7A9986F875EAF83F1244CF /* [CP] Check Pods Manifest.lock */ = {
			isa = PBXShellScriptBuildPhase;
			buildActionMask = 2147483647;
			files = (
			);
			inputFileListPaths = (
			);
			inputPaths = (
				"${PODS_PODFILE_DIR_PATH}/Podfile.lock",
				"${PODS_ROOT}/Manifest.lock",
			);
			name = "[CP] Check Pods Manifest.lock";
			outputFileListPaths = (
			);
			outputPaths = (
				"$(DERIVED_FILE_DIR)/Pods-ClimApp-checkManifestLockResult.txt",
			);
			runOnlyForDeploymentPostprocessing = 0;
			shellPath = /bin/sh;
			shellScript = "diff \"${PODS_PODFILE_DIR_PATH}/Podfile.lock\" \"${PODS_ROOT}/Manifest.lock\" > /dev/null\nif [ $? != 0 ] ; then\n    # print error to STDERR\n    echo \"error: The sandbox is not in sync with the Podfile.lock. Run 'pod install' or update your CocoaPods installation.\" >&2\n    exit 1\nfi\n# This output is used by Xcode 'outputs' to avoid re-running this script phase.\necho \"SUCCESS\" > \"${SCRIPT_OUTPUT_FILE_0}\"\n";
			showEnvVarsInLog = 0;
		};
		982DD72B9A8FFA4ED6A8118B /* [CP] Embed Pods Frameworks */ = {
			isa = PBXShellScriptBuildPhase;
			buildActionMask = 2147483647;
			files = (
			);
			inputFileListPaths = (
				"${PODS_ROOT}/Target Support Files/Pods-ClimApp/Pods-ClimApp-frameworks-${CONFIGURATION}-input-files.xcfilelist",
			);
			name = "[CP] Embed Pods Frameworks";
			outputFileListPaths = (
				"${PODS_ROOT}/Target Support Files/Pods-ClimApp/Pods-ClimApp-frameworks-${CONFIGURATION}-output-files.xcfilelist",
			);
			runOnlyForDeploymentPostprocessing = 0;
			shellPath = /bin/sh;
			shellScript = "\"${PODS_ROOT}/Target Support Files/Pods-ClimApp/Pods-ClimApp-frameworks.sh\"\n";
			showEnvVarsInLog = 0;
		};
		ED2C07993C7826D3ACF8F461 /* [CP] Embed Pods Frameworks */ = {
			isa = PBXShellScriptBuildPhase;
			buildActionMask = 2147483647;
			files = (
			);
			inputFileListPaths = (
				"${PODS_ROOT}/Target Support Files/Pods-ClimApp-ClimAppUITests/Pods-ClimApp-ClimAppUITests-frameworks-${CONFIGURATION}-input-files.xcfilelist",
			);
			name = "[CP] Embed Pods Frameworks";
			outputFileListPaths = (
				"${PODS_ROOT}/Target Support Files/Pods-ClimApp-ClimAppUITests/Pods-ClimApp-ClimAppUITests-frameworks-${CONFIGURATION}-output-files.xcfilelist",
			);
			runOnlyForDeploymentPostprocessing = 0;
			shellPath = /bin/sh;
			shellScript = "\"${PODS_ROOT}/Target Support Files/Pods-ClimApp-ClimAppUITests/Pods-ClimApp-ClimAppUITests-frameworks.sh\"\n";
			showEnvVarsInLog = 0;
		};
/* End PBXShellScriptBuildPhase section */

/* Begin PBXSourcesBuildPhase section */
		1EFF60E52692AA6200F23A41 /* Sources */ = {
			isa = PBXSourcesBuildPhase;
			buildActionMask = 2147483647;
			files = (
				1EC3D64426941FD500AB5C6E /* PresenterContract.swift in Sources */,
				1EFF61642692B8BF00F23A41 /* CityPresenter.swift in Sources */,
				1EFF61362692B07900F23A41 /* City.swift in Sources */,
				1EFF60ED2692AA6200F23A41 /* AppDelegate.swift in Sources */,
				1EFF61472692B16A00F23A41 /* ConsolidatedWeather.swift in Sources */,
				1EC3D63F2694154C00AB5C6E /* WeatherViewController.swift in Sources */,
				1EFF613F2692B0F100F23A41 /* APICallerContract.swift in Sources */,
				1EFF61982692E35500F23A41 /* Rechability.swift in Sources */,
				1EC3D65326942AB000AB5C6E /* WeatherTableViewCell.swift in Sources */,
				1EFF61932692CB5500F23A41 /* Extensions.swift in Sources */,
				1EFF60EF2692AA6200F23A41 /* SceneDelegate.swift in Sources */,
				1EC3D6492694201700AB5C6E /* WeatherPresenter.swift in Sources */,
				1EFF612D2692ABE100F23A41 /* CityViewController.swift in Sources */,
				1EFF61522692B25100F23A41 /* WeatherEndpoints.swift in Sources */,
				1EFF614C2692B1D400F23A41 /* APICaller.swift in Sources */,
			);
			runOnlyForDeploymentPostprocessing = 0;
		};
		1EFF60FB2692AA8200F23A41 /* Sources */ = {
			isa = PBXSourcesBuildPhase;
			buildActionMask = 2147483647;
			files = (
				1EFF61042692AA8300F23A41 /* ClimAppTests.swift in Sources */,
			);
			runOnlyForDeploymentPostprocessing = 0;
		};
		1EFF61062692AA8300F23A41 /* Sources */ = {
			isa = PBXSourcesBuildPhase;
			buildActionMask = 2147483647;
			files = (
				1EFF610F2692AA8300F23A41 /* ClimAppUITests.swift in Sources */,
			);
			runOnlyForDeploymentPostprocessing = 0;
		};
/* End PBXSourcesBuildPhase section */

/* Begin PBXTargetDependency section */
		1EFF61012692AA8200F23A41 /* PBXTargetDependency */ = {
			isa = PBXTargetDependency;
			target = 1EFF60E82692AA6200F23A41 /* ClimApp */;
			targetProxy = 1EFF61002692AA8200F23A41 /* PBXContainerItemProxy */;
		};
		1EFF610C2692AA8300F23A41 /* PBXTargetDependency */ = {
			isa = PBXTargetDependency;
			target = 1EFF60E82692AA6200F23A41 /* ClimApp */;
			targetProxy = 1EFF610B2692AA8300F23A41 /* PBXContainerItemProxy */;
		};
/* End PBXTargetDependency section */

/* Begin PBXVariantGroup section */
		1EFF60F22692AA6200F23A41 /* Main.storyboard */ = {
			isa = PBXVariantGroup;
			children = (
				1EFF60F32692AA6200F23A41 /* Base */,
			);
			name = Main.storyboard;
			sourceTree = "<group>";
		};
		1EFF60F72692AA8100F23A41 /* LaunchScreen.storyboard */ = {
			isa = PBXVariantGroup;
			children = (
				1EFF60F82692AA8100F23A41 /* Base */,
			);
			name = LaunchScreen.storyboard;
			sourceTree = "<group>";
		};
/* End PBXVariantGroup section */

/* Begin XCBuildConfiguration section */
		1EFF61112692AA8300F23A41 /* Debug */ = {
			isa = XCBuildConfiguration;
			buildSettings = {
				ALWAYS_SEARCH_USER_PATHS = NO;
				CLANG_ANALYZER_NONNULL = YES;
				CLANG_ANALYZER_NUMBER_OBJECT_CONVERSION = YES_AGGRESSIVE;
				CLANG_CXX_LANGUAGE_STANDARD = "gnu++14";
				CLANG_CXX_LIBRARY = "libc++";
				CLANG_ENABLE_MODULES = YES;
				CLANG_ENABLE_OBJC_ARC = YES;
				CLANG_ENABLE_OBJC_WEAK = YES;
				CLANG_WARN_BLOCK_CAPTURE_AUTORELEASING = YES;
				CLANG_WARN_BOOL_CONVERSION = YES;
				CLANG_WARN_COMMA = YES;
				CLANG_WARN_CONSTANT_CONVERSION = YES;
				CLANG_WARN_DEPRECATED_OBJC_IMPLEMENTATIONS = YES;
				CLANG_WARN_DIRECT_OBJC_ISA_USAGE = YES_ERROR;
				CLANG_WARN_DOCUMENTATION_COMMENTS = YES;
				CLANG_WARN_EMPTY_BODY = YES;
				CLANG_WARN_ENUM_CONVERSION = YES;
				CLANG_WARN_INFINITE_RECURSION = YES;
				CLANG_WARN_INT_CONVERSION = YES;
				CLANG_WARN_NON_LITERAL_NULL_CONVERSION = YES;
				CLANG_WARN_OBJC_IMPLICIT_RETAIN_SELF = YES;
				CLANG_WARN_OBJC_LITERAL_CONVERSION = YES;
				CLANG_WARN_OBJC_ROOT_CLASS = YES_ERROR;
				CLANG_WARN_QUOTED_INCLUDE_IN_FRAMEWORK_HEADER = YES;
				CLANG_WARN_RANGE_LOOP_ANALYSIS = YES;
				CLANG_WARN_STRICT_PROTOTYPES = YES;
				CLANG_WARN_SUSPICIOUS_MOVE = YES;
				CLANG_WARN_UNGUARDED_AVAILABILITY = YES_AGGRESSIVE;
				CLANG_WARN_UNREACHABLE_CODE = YES;
				CLANG_WARN__DUPLICATE_METHOD_MATCH = YES;
				COPY_PHASE_STRIP = NO;
				DEBUG_INFORMATION_FORMAT = dwarf;
				ENABLE_STRICT_OBJC_MSGSEND = YES;
				ENABLE_TESTABILITY = YES;
				GCC_C_LANGUAGE_STANDARD = gnu11;
				GCC_DYNAMIC_NO_PIC = NO;
				GCC_NO_COMMON_BLOCKS = YES;
				GCC_OPTIMIZATION_LEVEL = 0;
				GCC_PREPROCESSOR_DEFINITIONS = (
					"DEBUG=1",
					"$(inherited)",
				);
				GCC_WARN_64_TO_32_BIT_CONVERSION = YES;
				GCC_WARN_ABOUT_RETURN_TYPE = YES_ERROR;
				GCC_WARN_UNDECLARED_SELECTOR = YES;
				GCC_WARN_UNINITIALIZED_AUTOS = YES_AGGRESSIVE;
				GCC_WARN_UNUSED_FUNCTION = YES;
				GCC_WARN_UNUSED_VARIABLE = YES;
				IPHONEOS_DEPLOYMENT_TARGET = 13.0;
				MTL_ENABLE_DEBUG_INFO = INCLUDE_SOURCE;
				MTL_FAST_MATH = YES;
				ONLY_ACTIVE_ARCH = YES;
				SDKROOT = iphoneos;
				SWIFT_ACTIVE_COMPILATION_CONDITIONS = DEBUG;
				SWIFT_OPTIMIZATION_LEVEL = "-Onone";
			};
			name = Debug;
		};
		1EFF61122692AA8300F23A41 /* Release */ = {
			isa = XCBuildConfiguration;
			buildSettings = {
				ALWAYS_SEARCH_USER_PATHS = NO;
				CLANG_ANALYZER_NONNULL = YES;
				CLANG_ANALYZER_NUMBER_OBJECT_CONVERSION = YES_AGGRESSIVE;
				CLANG_CXX_LANGUAGE_STANDARD = "gnu++14";
				CLANG_CXX_LIBRARY = "libc++";
				CLANG_ENABLE_MODULES = YES;
				CLANG_ENABLE_OBJC_ARC = YES;
				CLANG_ENABLE_OBJC_WEAK = YES;
				CLANG_WARN_BLOCK_CAPTURE_AUTORELEASING = YES;
				CLANG_WARN_BOOL_CONVERSION = YES;
				CLANG_WARN_COMMA = YES;
				CLANG_WARN_CONSTANT_CONVERSION = YES;
				CLANG_WARN_DEPRECATED_OBJC_IMPLEMENTATIONS = YES;
				CLANG_WARN_DIRECT_OBJC_ISA_USAGE = YES_ERROR;
				CLANG_WARN_DOCUMENTATION_COMMENTS = YES;
				CLANG_WARN_EMPTY_BODY = YES;
				CLANG_WARN_ENUM_CONVERSION = YES;
				CLANG_WARN_INFINITE_RECURSION = YES;
				CLANG_WARN_INT_CONVERSION = YES;
				CLANG_WARN_NON_LITERAL_NULL_CONVERSION = YES;
				CLANG_WARN_OBJC_IMPLICIT_RETAIN_SELF = YES;
				CLANG_WARN_OBJC_LITERAL_CONVERSION = YES;
				CLANG_WARN_OBJC_ROOT_CLASS = YES_ERROR;
				CLANG_WARN_QUOTED_INCLUDE_IN_FRAMEWORK_HEADER = YES;
				CLANG_WARN_RANGE_LOOP_ANALYSIS = YES;
				CLANG_WARN_STRICT_PROTOTYPES = YES;
				CLANG_WARN_SUSPICIOUS_MOVE = YES;
				CLANG_WARN_UNGUARDED_AVAILABILITY = YES_AGGRESSIVE;
				CLANG_WARN_UNREACHABLE_CODE = YES;
				CLANG_WARN__DUPLICATE_METHOD_MATCH = YES;
				COPY_PHASE_STRIP = NO;
				DEBUG_INFORMATION_FORMAT = "dwarf-with-dsym";
				ENABLE_NS_ASSERTIONS = NO;
				ENABLE_STRICT_OBJC_MSGSEND = YES;
				GCC_C_LANGUAGE_STANDARD = gnu11;
				GCC_NO_COMMON_BLOCKS = YES;
				GCC_WARN_64_TO_32_BIT_CONVERSION = YES;
				GCC_WARN_ABOUT_RETURN_TYPE = YES_ERROR;
				GCC_WARN_UNDECLARED_SELECTOR = YES;
				GCC_WARN_UNINITIALIZED_AUTOS = YES_AGGRESSIVE;
				GCC_WARN_UNUSED_FUNCTION = YES;
				GCC_WARN_UNUSED_VARIABLE = YES;
				IPHONEOS_DEPLOYMENT_TARGET = 13.0;
				MTL_ENABLE_DEBUG_INFO = NO;
				MTL_FAST_MATH = YES;
				SDKROOT = iphoneos;
				SWIFT_COMPILATION_MODE = wholemodule;
				SWIFT_OPTIMIZATION_LEVEL = "-O";
				VALIDATE_PRODUCT = YES;
			};
			name = Release;
		};
		1EFF61142692AA8300F23A41 /* Debug */ = {
			isa = XCBuildConfiguration;
			baseConfigurationReference = 2FDC7CBE00BA14FF9A347742 /* Pods-ClimApp.debug.xcconfig */;
			buildSettings = {
				ASSETCATALOG_COMPILER_APPICON_NAME = AppIcon;
				ASSETCATALOG_COMPILER_GLOBAL_ACCENT_COLOR_NAME = AccentColor;
				CODE_SIGN_STYLE = Automatic;
				DEVELOPMENT_TEAM = DVSM299CEH;
				INFOPLIST_FILE = ClimApp/Info.plist;
				IPHONEOS_DEPLOYMENT_TARGET = 13.0;
				LD_RUNPATH_SEARCH_PATHS = (
					"$(inherited)",
					"@executable_path/Frameworks",
				);
				MARKETING_VERSION = 1.0.0;
				PRODUCT_BUNDLE_IDENTIFIER = com.americoc.ClimApp;
				PRODUCT_NAME = "$(TARGET_NAME)";
				SWIFT_VERSION = 5.0;
				TARGETED_DEVICE_FAMILY = 1;
			};
			name = Debug;
		};
		1EFF61152692AA8300F23A41 /* Release */ = {
			isa = XCBuildConfiguration;
			baseConfigurationReference = D3FB408B192DA427D6E20D07 /* Pods-ClimApp.release.xcconfig */;
			buildSettings = {
				ASSETCATALOG_COMPILER_APPICON_NAME = AppIcon;
				ASSETCATALOG_COMPILER_GLOBAL_ACCENT_COLOR_NAME = AccentColor;
				CODE_SIGN_STYLE = Automatic;
				DEVELOPMENT_TEAM = DVSM299CEH;
				INFOPLIST_FILE = ClimApp/Info.plist;
				IPHONEOS_DEPLOYMENT_TARGET = 13.0;
				LD_RUNPATH_SEARCH_PATHS = (
					"$(inherited)",
					"@executable_path/Frameworks",
				);
				MARKETING_VERSION = 1.0.0;
				PRODUCT_BUNDLE_IDENTIFIER = com.americoc.ClimApp;
				PRODUCT_NAME = "$(TARGET_NAME)";
				SWIFT_VERSION = 5.0;
				TARGETED_DEVICE_FAMILY = 1;
			};
			name = Release;
		};
		1EFF61172692AA8300F23A41 /* Debug */ = {
			isa = XCBuildConfiguration;
			baseConfigurationReference = E221E6F3C00B6E679B88984B /* Pods-ClimAppTests.debug.xcconfig */;
			buildSettings = {
				ALWAYS_EMBED_SWIFT_STANDARD_LIBRARIES = YES;
				BUNDLE_LOADER = "$(TEST_HOST)";
				CODE_SIGN_STYLE = Automatic;
				DEVELOPMENT_TEAM = DVSM299CEH;
				INFOPLIST_FILE = ClimAppTests/Info.plist;
				IPHONEOS_DEPLOYMENT_TARGET = 14.3;
				LD_RUNPATH_SEARCH_PATHS = (
					"$(inherited)",
					"@executable_path/Frameworks",
					"@loader_path/Frameworks",
				);
				PRODUCT_BUNDLE_IDENTIFIER = com.americoc.ClimAppTests;
				PRODUCT_NAME = "$(TARGET_NAME)";
				SWIFT_VERSION = 5.0;
				TARGETED_DEVICE_FAMILY = "1,2";
				TEST_HOST = "$(BUILT_PRODUCTS_DIR)/ClimApp.app/ClimApp";
			};
			name = Debug;
		};
		1EFF61182692AA8300F23A41 /* Release */ = {
			isa = XCBuildConfiguration;
			baseConfigurationReference = 7C082C1A696904439D650047 /* Pods-ClimAppTests.release.xcconfig */;
			buildSettings = {
				ALWAYS_EMBED_SWIFT_STANDARD_LIBRARIES = YES;
				BUNDLE_LOADER = "$(TEST_HOST)";
				CODE_SIGN_STYLE = Automatic;
				DEVELOPMENT_TEAM = DVSM299CEH;
				INFOPLIST_FILE = ClimAppTests/Info.plist;
				IPHONEOS_DEPLOYMENT_TARGET = 14.3;
				LD_RUNPATH_SEARCH_PATHS = (
					"$(inherited)",
					"@executable_path/Frameworks",
					"@loader_path/Frameworks",
				);
				PRODUCT_BUNDLE_IDENTIFIER = com.americoc.ClimAppTests;
				PRODUCT_NAME = "$(TARGET_NAME)";
				SWIFT_VERSION = 5.0;
				TARGETED_DEVICE_FAMILY = "1,2";
				TEST_HOST = "$(BUILT_PRODUCTS_DIR)/ClimApp.app/ClimApp";
			};
			name = Release;
		};
		1EFF611A2692AA8300F23A41 /* Debug */ = {
			isa = XCBuildConfiguration;
			baseConfigurationReference = 1FC2974816299BD9F1526811 /* Pods-ClimApp-ClimAppUITests.debug.xcconfig */;
			buildSettings = {
				ALWAYS_EMBED_SWIFT_STANDARD_LIBRARIES = YES;
				CODE_SIGN_STYLE = Automatic;
				DEVELOPMENT_TEAM = DVSM299CEH;
				INFOPLIST_FILE = ClimAppUITests/Info.plist;
				LD_RUNPATH_SEARCH_PATHS = (
					"$(inherited)",
					"@executable_path/Frameworks",
					"@loader_path/Frameworks",
				);
				PRODUCT_BUNDLE_IDENTIFIER = com.americoc.ClimAppUITests;
				PRODUCT_NAME = "$(TARGET_NAME)";
				SWIFT_VERSION = 5.0;
				TARGETED_DEVICE_FAMILY = "1,2";
				TEST_TARGET_NAME = ClimApp;
			};
			name = Debug;
		};
		1EFF611B2692AA8300F23A41 /* Release */ = {
			isa = XCBuildConfiguration;
			baseConfigurationReference = EEDBDD8CB71E55ECA788792C /* Pods-ClimApp-ClimAppUITests.release.xcconfig */;
			buildSettings = {
				ALWAYS_EMBED_SWIFT_STANDARD_LIBRARIES = YES;
				CODE_SIGN_STYLE = Automatic;
				DEVELOPMENT_TEAM = DVSM299CEH;
				INFOPLIST_FILE = ClimAppUITests/Info.plist;
				LD_RUNPATH_SEARCH_PATHS = (
					"$(inherited)",
					"@executable_path/Frameworks",
					"@loader_path/Frameworks",
				);
				PRODUCT_BUNDLE_IDENTIFIER = com.americoc.ClimAppUITests;
				PRODUCT_NAME = "$(TARGET_NAME)";
				SWIFT_VERSION = 5.0;
				TARGETED_DEVICE_FAMILY = "1,2";
				TEST_TARGET_NAME = ClimApp;
			};
			name = Release;
		};
/* End XCBuildConfiguration section */

/* Begin XCConfigurationList section */
		1EFF60E42692AA6200F23A41 /* Build configuration list for PBXProject "ClimApp" */ = {
			isa = XCConfigurationList;
			buildConfigurations = (
				1EFF61112692AA8300F23A41 /* Debug */,
				1EFF61122692AA8300F23A41 /* Release */,
			);
			defaultConfigurationIsVisible = 0;
			defaultConfigurationName = Release;
		};
		1EFF61132692AA8300F23A41 /* Build configuration list for PBXNativeTarget "ClimApp" */ = {
			isa = XCConfigurationList;
			buildConfigurations = (
				1EFF61142692AA8300F23A41 /* Debug */,
				1EFF61152692AA8300F23A41 /* Release */,
			);
			defaultConfigurationIsVisible = 0;
			defaultConfigurationName = Release;
		};
		1EFF61162692AA8300F23A41 /* Build configuration list for PBXNativeTarget "ClimAppTests" */ = {
			isa = XCConfigurationList;
			buildConfigurations = (
				1EFF61172692AA8300F23A41 /* Debug */,
				1EFF61182692AA8300F23A41 /* Release */,
			);
			defaultConfigurationIsVisible = 0;
			defaultConfigurationName = Release;
		};
		1EFF61192692AA8300F23A41 /* Build configuration list for PBXNativeTarget "ClimAppUITests" */ = {
			isa = XCConfigurationList;
			buildConfigurations = (
				1EFF611A2692AA8300F23A41 /* Debug */,
				1EFF611B2692AA8300F23A41 /* Release */,
			);
			defaultConfigurationIsVisible = 0;
			defaultConfigurationName = Release;
		};
/* End XCConfigurationList section */
	};
	rootObject = 1EFF60E12692AA6200F23A41 /* Project object */;
}
